%{
  "earmark": {:hex, :earmark, "1.4.15", "2c7f924bf495ec1f65bd144b355d0949a05a254d0ec561740308a54946a67888", [:mix], [{:earmark_parser, ">= 1.4.13", [hex: :earmark_parser, repo: "hexpm", optional: false]}], "hexpm", "3b1209b85bc9f3586f370f7c363f6533788fb4e51db23aa79565875e7f9999ee"},
  "earmark_parser": {:hex, :earmark_parser, "1.4.13", "0c98163e7d04a15feb62000e1a891489feb29f3d10cb57d4f845c405852bbef8", [:mix], [], "hexpm", "d602c26af3a0af43d2f2645613f65841657ad6efc9f0e361c3b6c06b578214ba"},
  "ex_spirit": {:hex, :ex_spirit, "0.4.0", "46a72d79e19a5d856e2182574db7b374d353b50521e79e6a68acd19d5da503a7", [:mix], [], "hexpm", "442063817ad8a4c5f632644a9b0b086f11e08b2599a7d32e0ae4e752f4e29e23"},
  "makeup": {:hex, :makeup, "1.0.5", "d5a830bc42c9800ce07dd97fa94669dfb93d3bf5fcf6ea7a0c67b2e0e4a7f26c", [:mix], [{:nimble_parsec, "~> 0.5 or ~> 1.0", [hex: :nimble_parsec, repo: "hexpm", optional: false]}], "hexpm", "cfa158c02d3f5c0c665d0af11512fed3fba0144cf1aadee0f2ce17747fba2ca9"},
  "makeup_c": {:hex, :makeup_c, "0.1.1", "14250b1a69770b1892f4113129417a2df098e2a72b9e1477aa9096e9e6c473a6", [:mix], [{:makeup, "~> 1.0", [hex: :makeup, repo: "hexpm", optional: false]}], "hexpm", "89e9cf45372822d354c19a7e18d77f84cfd70e2d206ac987eb15a1b8357f2869"},
  "makeup_elixir": {:hex, :makeup_elixir, "0.15.1", "b5888c880d17d1cc3e598f05cdb5b5a91b7b17ac4eaf5f297cb697663a1094dd", [:mix], [{:makeup, "~> 1.0", [hex: :makeup, repo: "hexpm", optional: false]}, {:nimble_parsec, "~> 1.1", [hex: :nimble_parsec, repo: "hexpm", optional: false]}], "hexpm", "db68c173234b07ab2a07f645a5acdc117b9f99d69ebf521821d89690ae6c6ec8"},
  "makeup_erlang": {:hex, :makeup_erlang, "0.1.1", "3fcb7f09eb9d98dc4d208f49cc955a34218fc41ff6b84df7c75b3e6e533cc65f", [:mix], [{:makeup, "~> 1.0", [hex: :makeup, repo: "hexpm", optional: false]}], "hexpm", "174d0809e98a4ef0b3309256cbf97101c6ec01c4ab0b23e926a9e17df2077cbb"},
  "makeup_html": {:hex, :makeup_html, "0.1.0", "b0228fda985e311d8f0d25bed58f8280826633a38d7448cabdd723e116165bcf", [:mix], [{:makeup, "~> 1.0", [hex: :makeup, repo: "hexpm", optional: false]}], "hexpm", "0ca44e7dcb8d933e010740324470dd8ec947243b51304bd34b8165ef3281edc2"},
  "makeup_html5": {:hex, :makeup_html5, "0.2.0", "5d9e82632d58d206e9157b62a925cb8b828382c51b0d4f4965986f873fd2ba07", [:mix], [{:makeup, "~> 0.2.0", [hex: :makeup, repo: "hexpm", optional: false]}], "hexpm", "6be48b89ab8cbadd839be82857e26448b09d5b2e0c35de41dbb5bac33e637d84"},
  "nimble_parsec": {:hex, :nimble_parsec, "1.1.0", "3a6fca1550363552e54c216debb6a9e95bd8d32348938e13de5eda962c0d7f89", [:mix], [], "hexpm", "08eb32d66b706e913ff748f11694b17981c0b04a33ef470e33e11b3d3ac8f54b"},
}
